
Microsoft Visual Studio Solution File, Format Version 12.00
# Visual Studio 15
VisualStudioVersion = 15.0.28010.2048
MinimumVisualStudioVersion = 10.0.40219.1
Project("{FAE04EC0-301F-11D3-BF4B-00C04F79EFBC}") = "Roguelike", "Roguelike\Roguelike.csproj", "{5FC0429F-88DA-48ED-BCCE-B0A37C3CE338}"
EndProject
Global
	GlobalSection(SolutionConfigurationPlatforms) = preSolution
		Debug|Any CPU = Debug|Any CPU
		Release|Any CPU = Release|Any CPU
	EndGlobalSection
	GlobalSection(ProjectConfigurationPlatforms) = postSolution
		{5FC0429F-88DA-48ED-BCCE-B0A37C3CE338}.Debug|Any CPU.ActiveCfg = Debug|Any CPU
		{5FC0429F-88DA-48ED-BCCE-B0A37C3CE338}.Debug|Any CPU.Build.0 = Debug|Any CPU
		{5FC0429F-88DA-48ED-BCCE-B0A37C3CE338}.Release|Any CPU.ActiveCfg = Release|Any CPU
		{5FC0429F-88DA-48ED-BCCE-B0A37C3CE338}.Release|Any CPU.Build.0 = Release|Any CPU
	EndGlobalSection
	GlobalSection(SolutionProperties) = preSolution
		HideSolutionNode = FALSE
	EndGlobalSection
	GlobalSection(ExtensibilityGlobals) = postSolution
		SolutionGuid = {A1A7F0DD-6BA5-401E-8050-C4877494F67F}
	EndGlobalSection
EndGlobal
